PODS:
  - RxCocoa (4.1.2):
    - RxSwift (~> 4.0)
  - RxGesture (1.2.1):
    - RxCocoa (~> 4.0)
    - RxSwift (~> 4.0)
  - RxKeyboard (0.8.1):
    - RxCocoa (>= 4.0.0)
    - RxSwift (>= 4.0.0)
  - RxSwift (4.1.2)

DEPENDENCIES:
  - RxCocoa
  - RxGesture
  - RxKeyboard
  - RxSwift

SPEC REPOS:
  https://github.com/cocoapods/specs.git:
    - RxCocoa
    - RxGesture
    - RxKeyboard
    - RxSwift

SPEC CHECKSUMS:
  RxCocoa: d88ba0f1f6abf040011a9eb4b539324fc426843a
  RxGesture: c278eb05b187abd47e11e65464ae4de53ab71d95
  RxKeyboard: 28d984440671becc75350b1dfae7ae08d31076df
  RxSwift: e49536837d9901277638493ea537394d4b55f570

PODFILE CHECKSUM: b3a6c649137410b45e30a55373a976d9e952fc02

COCOAPODS: 1.5.2
